
Microsoft Visual Studio Solution File, Format Version 12.00
# Visual Studio 15
VisualStudioVersion = 15.0.26430.6
MinimumVisualStudioVersion = 10.0.40219.1
Project("{FAE04EC0-301F-11D3-BF4B-00C04F79EFBC}") = "DroneLander.Android", "DroneLander\DroneLander.Android\DroneLander.Android.csproj", "{E296FD79-7874-4D16-815D-96985D977064}"
EndProject
Project("{FAE04EC0-301F-11D3-BF4B-00C04F79EFBC}") = "DroneLander", "DroneLander\DroneLander\DroneLander.csproj", "{26D741F2-B01F-431F-80A1-7EB8998B7EDC}"
EndProject
Project("{FAE04EC0-301F-11D3-BF4B-00C04F79EFBC}") = "DroneLander.UWP", "DroneLander\DroneLander.UWP\DroneLander.UWP.csproj", "{CBA2E86B-DB70-4D6E-8B89-B994D493812D}"
EndProject
Project("{FAE04EC0-301F-11D3-BF4B-00C04F79EFBC}") = "DroneLander.iOS", "DroneLander\DroneLander.iOS\DroneLander.iOS.csproj", "{470D35CC-C8F6-4025-BDDB-2FE174310817}"
EndProject
Global
	GlobalSection(SolutionConfigurationPlatforms) = preSolution
		Ad-Hoc|Any CPU = Ad-Hoc|Any CPU
		Ad-Hoc|ARM = Ad-Hoc|ARM
		Ad-Hoc|iPhone = Ad-Hoc|iPhone
		Ad-Hoc|iPhoneSimulator = Ad-Hoc|iPhoneSimulator
		Ad-Hoc|x64 = Ad-Hoc|x64
		Ad-Hoc|x86 = Ad-Hoc|x86
		AppStore|Any CPU = AppStore|Any CPU
		AppStore|ARM = AppStore|ARM
		AppStore|iPhone = AppStore|iPhone
		AppStore|iPhoneSimulator = AppStore|iPhoneSimulator
		AppStore|x64 = AppStore|x64
		AppStore|x86 = AppStore|x86
		Debug|Any CPU = Debug|Any CPU
		Debug|ARM = Debug|ARM
		Debug|iPhone = Debug|iPhone
		Debug|iPhoneSimulator = Debug|iPhoneSimulator
		Debug|x64 = Debug|x64
		Debug|x86 = Debug|x86
		Release|Any CPU = Release|Any CPU
		Release|ARM = Release|ARM
		Release|iPhone = Release|iPhone
		Release|iPhoneSimulator = Release|iPhoneSimulator
		Release|x64 = Release|x64
		Release|x86 = Release|x86
	EndGlobalSection
	GlobalSection(ProjectConfigurationPlatforms) = postSolution
		{E296FD79-7874-4D16-815D-96985D977064}.Ad-Hoc|Any CPU.ActiveCfg = Release|Any CPU
		{E296FD79-7874-4D16-815D-96985D977064}.Ad-Hoc|Any CPU.Build.0 = Release|Any CPU
		{E296FD79-7874-4D16-815D-96985D977064}.Ad-Hoc|Any CPU.Deploy.0 = Release|Any CPU
		{E296FD79-7874-4D16-815D-96985D977064}.Ad-Hoc|ARM.ActiveCfg = Release|Any CPU
		{E296FD79-7874-4D16-815D-96985D977064}.Ad-Hoc|ARM.Build.0 = Release|Any CPU
		{E296FD79-7874-4D16-815D-96985D977064}.Ad-Hoc|ARM.Deploy.0 = Release|Any CPU
		{E296FD79-7874-4D16-815D-96985D977064}.Ad-Hoc|iPhone.ActiveCfg = Release|Any CPU
		{E296FD79-7874-4D16-815D-96985D977064}.Ad-Hoc|iPhone.Build.0 = Release|Any CPU
		{E296FD79-7874-4D16-815D-96985D977064}.Ad-Hoc|iPhone.Deploy.0 = Release|Any CPU
		{E296FD79-7874-4D16-815D-96985D977064}.Ad-Hoc|iPhoneSimulator.ActiveCfg = Release|Any CPU
		{E296FD79-7874-4D16-815D-96985D977064}.Ad-Hoc|iPhoneSimulator.Build.0 = Release|Any CPU
		{E296FD79-7874-4D16-815D-96985D977064}.Ad-Hoc|iPhoneSimulator.Deploy.0 = Release|Any CPU
		{E296FD79-7874-4D16-815D-96985D977064}.Ad-Hoc|x64.ActiveCfg = Release|Any CPU
		{E296FD79-7874-4D16-815D-96985D977064}.Ad-Hoc|x64.Build.0 = Release|Any CPU
		{E296FD79-7874-4D16-815D-96985D977064}.Ad-Hoc|x64.Deploy.0 = Release|Any CPU
		{E296FD79-7874-4D16-815D-96985D977064}.Ad-Hoc|x86.ActiveCfg = Release|Any CPU
		{E296FD79-7874-4D16-815D-96985D977064}.Ad-Hoc|x86.Build.0 = Release|Any CPU
		{E296FD79-7874-4D16-815D-96985D977064}.Ad-Hoc|x86.Deploy.0 = Release|Any CPU
		{E296FD79-7874-4D16-815D-96985D977064}.AppStore|Any CPU.ActiveCfg = Release|Any CPU
		{E296FD79-7874-4D16-815D-96985D977064}.AppStore|Any CPU.Build.0 = Release|Any CPU
		{E296FD79-7874-4D16-815D-96985D977064}.AppStore|Any CPU.Deploy.0 = Release|Any CPU
		{E296FD79-7874-4D16-815D-96985D977064}.AppStore|ARM.ActiveCfg = Release|Any CPU
		{E296FD79-7874-4D16-815D-96985D977064}.AppStore|ARM.Build.0 = Release|Any CPU
		{E296FD79-7874-4D16-815D-96985D977064}.AppStore|ARM.Deploy.0 = Release|Any CPU
		{E296FD79-7874-4D16-815D-96985D977064}.AppStore|iPhone.ActiveCfg = Release|Any CPU
		{E296FD79-7874-4D16-815D-96985D977064}.AppStore|iPhone.Build.0 = Release|Any CPU
		{E296FD79-7874-4D16-815D-96985D977064}.AppStore|iPhone.Deploy.0 = Release|Any CPU
		{E296FD79-7874-4D16-815D-96985D977064}.AppStore|iPhoneSimulator.ActiveCfg = Release|Any CPU
		{E296FD79-7874-4D16-815D-96985D977064}.AppStore|iPhoneSimulator.Build.0 = Release|Any CPU
		{E296FD79-7874-4D16-815D-96985D977064}.AppStore|iPhoneSimulator.Deploy.0 = Release|Any CPU
		{E296FD79-7874-4D16-815D-96985D977064}.AppStore|x64.ActiveCfg = Release|Any CPU
		{E296FD79-7874-4D16-815D-96985D977064}.AppStore|x64.Build.0 = Release|Any CPU
		{E296FD79-7874-4D16-815D-96985D977064}.AppStore|x64.Deploy.0 = Release|Any CPU
		{E296FD79-7874-4D16-815D-96985D977064}.AppStore|x86.ActiveCfg = Release|Any CPU
		{E296FD79-7874-4D16-815D-96985D977064}.AppStore|x86.Build.0 = Release|Any CPU
		{E296FD79-7874-4D16-815D-96985D977064}.AppStore|x86.Deploy.0 = Release|Any CPU
		{E296FD79-7874-4D16-815D-96985D977064}.Debug|Any CPU.ActiveCfg = Debug|Any CPU
		{E296FD79-7874-4D16-815D-96985D977064}.Debug|Any CPU.Build.0 = Debug|Any CPU
		{E296FD79-7874-4D16-815D-96985D977064}.Debug|Any CPU.Deploy.0 = Debug|Any CPU
		{E296FD79-7874-4D16-815D-96985D977064}.Debug|ARM.ActiveCfg = Debug|Any CPU
		{E296FD79-7874-4D16-815D-96985D977064}.Debug|ARM.Build.0 = Debug|Any CPU
		{E296FD79-7874-4D16-815D-96985D977064}.Debug|ARM.Deploy.0 = Debug|Any CPU
		{E296FD79-7874-4D16-815D-96985D977064}.Debug|iPhone.ActiveCfg = Debug|Any CPU
		{E296FD79-7874-4D16-815D-96985D977064}.Debug|iPhone.Build.0 = Debug|Any CPU
		{E296FD79-7874-4D16-815D-96985D977064}.Debug|iPhone.Deploy.0 = Debug|Any CPU
		{E296FD79-7874-4D16-815D-96985D977064}.Debug|iPhoneSimulator.ActiveCfg = Debug|Any CPU
		{E296FD79-7874-4D16-815D-96985D977064}.Debug|iPhoneSimulator.Build.0 = Debug|Any CPU
		{E296FD79-7874-4D16-815D-96985D977064}.Debug|iPhoneSimulator.Deploy.0 = Debug|Any CPU
		{E296FD79-7874-4D16-815D-96985D977064}.Debug|x64.ActiveCfg = Debug|Any CPU
		{E296FD79-7874-4D16-815D-96985D977064}.Debug|x64.Build.0 = Debug|Any CPU
		{E296FD79-7874-4D16-815D-96985D977064}.Debug|x64.Deploy.0 = Debug|Any CPU
		{E296FD79-7874-4D16-815D-96985D977064}.Debug|x86.ActiveCfg = Debug|Any CPU
		{E296FD79-7874-4D16-815D-96985D977064}.Debug|x86.Build.0 = Debug|Any CPU
		{E296FD79-7874-4D16-815D-96985D977064}.Debug|x86.Deploy.0 = Debug|Any CPU
		{E296FD79-7874-4D16-815D-96985D977064}.Release|Any CPU.ActiveCfg = Release|Any CPU
		{E296FD79-7874-4D16-815D-96985D977064}.Release|Any CPU.Build.0 = Release|Any CPU
		{E296FD79-7874-4D16-815D-96985D977064}.Release|Any CPU.Deploy.0 = Release|Any CPU
		{E296FD79-7874-4D16-815D-96985D977064}.Release|ARM.ActiveCfg = Release|Any CPU
		{E296FD79-7874-4D16-815D-96985D977064}.Release|ARM.Build.0 = Release|Any CPU
		{E296FD79-7874-4D16-815D-96985D977064}.Release|ARM.Deploy.0 = Release|Any CPU
		{E296FD79-7874-4D16-815D-96985D977064}.Release|iPhone.ActiveCfg = Release|Any CPU
		{E296FD79-7874-4D16-815D-96985D977064}.Release|iPhone.Build.0 = Release|Any CPU
		{E296FD79-7874-4D16-815D-96985D977064}.Release|iPhone.Deploy.0 = Release|Any CPU
		{E296FD79-7874-4D16-815D-96985D977064}.Release|iPhoneSimulator.ActiveCfg = Release|Any CPU
		{E296FD79-7874-4D16-815D-96985D977064}.Release|iPhoneSimulator.Build.0 = Release|Any CPU
		{E296FD79-7874-4D16-815D-96985D977064}.Release|iPhoneSimulator.Deploy.0 = Release|Any CPU
		{E296FD79-7874-4D16-815D-96985D977064}.Release|x64.ActiveCfg = Release|Any CPU
		{E296FD79-7874-4D16-815D-96985D977064}.Release|x64.Build.0 = Release|Any CPU
		{E296FD79-7874-4D16-815D-96985D977064}.Release|x64.Deploy.0 = Release|Any CPU
		{E296FD79-7874-4D16-815D-96985D977064}.Release|x86.ActiveCfg = Release|Any CPU
		{E296FD79-7874-4D16-815D-96985D977064}.Release|x86.Build.0 = Release|Any CPU
		{E296FD79-7874-4D16-815D-96985D977064}.Release|x86.Deploy.0 = Release|Any CPU
		{26D741F2-B01F-431F-80A1-7EB8998B7EDC}.Ad-Hoc|Any CPU.ActiveCfg = Release|Any CPU
		{26D741F2-B01F-431F-80A1-7EB8998B7EDC}.Ad-Hoc|Any CPU.Build.0 = Release|Any CPU
		{26D741F2-B01F-431F-80A1-7EB8998B7EDC}.Ad-Hoc|ARM.ActiveCfg = Release|Any CPU
		{26D741F2-B01F-431F-80A1-7EB8998B7EDC}.Ad-Hoc|ARM.Build.0 = Release|Any CPU
		{26D741F2-B01F-431F-80A1-7EB8998B7EDC}.Ad-Hoc|iPhone.ActiveCfg = Release|Any CPU
		{26D741F2-B01F-431F-80A1-7EB8998B7EDC}.Ad-Hoc|iPhone.Build.0 = Release|Any CPU
		{26D741F2-B01F-431F-80A1-7EB8998B7EDC}.Ad-Hoc|iPhoneSimulator.ActiveCfg = Release|Any CPU
		{26D741F2-B01F-431F-80A1-7EB8998B7EDC}.Ad-Hoc|iPhoneSimulator.Build.0 = Release|Any CPU
		{26D741F2-B01F-431F-80A1-7EB8998B7EDC}.Ad-Hoc|x64.ActiveCfg = Release|Any CPU
		{26D741F2-B01F-431F-80A1-7EB8998B7EDC}.Ad-Hoc|x64.Build.0 = Release|Any CPU
		{26D741F2-B01F-431F-80A1-7EB8998B7EDC}.Ad-Hoc|x86.ActiveCfg = Release|Any CPU
		{26D741F2-B01F-431F-80A1-7EB8998B7EDC}.Ad-Hoc|x86.Build.0 = Release|Any CPU
		{26D741F2-B01F-431F-80A1-7EB8998B7EDC}.AppStore|Any CPU.ActiveCfg = Release|Any CPU
		{26D741F2-B01F-431F-80A1-7EB8998B7EDC}.AppStore|Any CPU.Build.0 = Release|Any CPU
		{26D741F2-B01F-431F-80A1-7EB8998B7EDC}.AppStore|ARM.ActiveCfg = Release|Any CPU
		{26D741F2-B01F-431F-80A1-7EB8998B7EDC}.AppStore|ARM.Build.0 = Release|Any CPU
		{26D741F2-B01F-431F-80A1-7EB8998B7EDC}.AppStore|iPhone.ActiveCfg = Release|Any CPU
		{26D741F2-B01F-431F-80A1-7EB8998B7EDC}.AppStore|iPhone.Build.0 = Release|Any CPU
		{26D741F2-B01F-431F-80A1-7EB8998B7EDC}.AppStore|iPhoneSimulator.ActiveCfg = Release|Any CPU
		{26D741F2-B01F-431F-80A1-7EB8998B7EDC}.AppStore|iPhoneSimulator.Build.0 = Release|Any CPU
		{26D741F2-B01F-431F-80A1-7EB8998B7EDC}.AppStore|x64.ActiveCfg = Release|Any CPU
		{26D741F2-B01F-431F-80A1-7EB8998B7EDC}.AppStore|x64.Build.0 = Release|Any CPU
		{26D741F2-B01F-431F-80A1-7EB8998B7EDC}.AppStore|x86.ActiveCfg = Release|Any CPU
		{26D741F2-B01F-431F-80A1-7EB8998B7EDC}.AppStore|x86.Build.0 = Release|Any CPU
		{26D741F2-B01F-431F-80A1-7EB8998B7EDC}.Debug|Any CPU.ActiveCfg = Debug|Any CPU
		{26D741F2-B01F-431F-80A1-7EB8998B7EDC}.Debug|Any CPU.Build.0 = Debug|Any CPU
		{26D741F2-B01F-431F-80A1-7EB8998B7EDC}.Debug|ARM.ActiveCfg = Debug|Any CPU
		{26D741F2-B01F-431F-80A1-7EB8998B7EDC}.Debug|ARM.Build.0 = Debug|Any CPU
		{26D741F2-B01F-431F-80A1-7EB8998B7EDC}.Debug|iPhone.ActiveCfg = Debug|Any CPU
		{26D741F2-B01F-431F-80A1-7EB8998B7EDC}.Debug|iPhone.Build.0 = Debug|Any CPU
		{26D741F2-B01F-431F-80A1-7EB8998B7EDC}.Debug|iPhoneSimulator.ActiveCfg = Debug|Any CPU
		{26D741F2-B01F-431F-80A1-7EB8998B7EDC}.Debug|iPhoneSimulator.Build.0 = Debug|Any CPU
		{26D741F2-B01F-431F-80A1-7EB8998B7EDC}.Debug|x64.ActiveCfg = Debug|Any CPU
		{26D741F2-B01F-431F-80A1-7EB8998B7EDC}.Debug|x64.Build.0 = Debug|Any CPU
		{26D741F2-B01F-431F-80A1-7EB8998B7EDC}.Debug|x86.ActiveCfg = Debug|Any CPU
		{26D741F2-B01F-431F-80A1-7EB8998B7EDC}.Debug|x86.Build.0 = Debug|Any CPU
		{26D741F2-B01F-431F-80A1-7EB8998B7EDC}.Release|Any CPU.ActiveCfg = Release|Any CPU
		{26D741F2-B01F-431F-80A1-7EB8998B7EDC}.Release|Any CPU.Build.0 = Release|Any CPU
		{26D741F2-B01F-431F-80A1-7EB8998B7EDC}.Release|ARM.ActiveCfg = Release|Any CPU
		{26D741F2-B01F-431F-80A1-7EB8998B7EDC}.Release|ARM.Build.0 = Release|Any CPU
		{26D741F2-B01F-431F-80A1-7EB8998B7EDC}.Release|iPhone.ActiveCfg = Release|Any CPU
		{26D741F2-B01F-431F-80A1-7EB8998B7EDC}.Release|iPhone.Build.0 = Release|Any CPU
		{26D741F2-B01F-431F-80A1-7EB8998B7EDC}.Release|iPhoneSimulator.ActiveCfg = Release|Any CPU
		{26D741F2-B01F-431F-80A1-7EB8998B7EDC}.Release|iPhoneSimulator.Build.0 = Release|Any CPU
		{26D741F2-B01F-431F-80A1-7EB8998B7EDC}.Release|x64.ActiveCfg = Release|Any CPU
		{26D741F2-B01F-431F-80A1-7EB8998B7EDC}.Release|x64.Build.0 = Release|Any CPU
		{26D741F2-B01F-431F-80A1-7EB8998B7EDC}.Release|x86.ActiveCfg = Release|Any CPU
		{26D741F2-B01F-431F-80A1-7EB8998B7EDC}.Release|x86.Build.0 = Release|Any CPU
		{CBA2E86B-DB70-4D6E-8B89-B994D493812D}.Ad-Hoc|Any CPU.ActiveCfg = Release|x86
		{CBA2E86B-DB70-4D6E-8B89-B994D493812D}.Ad-Hoc|Any CPU.Build.0 = Release|x86
		{CBA2E86B-DB70-4D6E-8B89-B994D493812D}.Ad-Hoc|Any CPU.Deploy.0 = Release|x86
		{CBA2E86B-DB70-4D6E-8B89-B994D493812D}.Ad-Hoc|ARM.ActiveCfg = Release|ARM
		{CBA2E86B-DB70-4D6E-8B89-B994D493812D}.Ad-Hoc|ARM.Build.0 = Release|ARM
		{CBA2E86B-DB70-4D6E-8B89-B994D493812D}.Ad-Hoc|ARM.Deploy.0 = Release|ARM
		{CBA2E86B-DB70-4D6E-8B89-B994D493812D}.Ad-Hoc|iPhone.ActiveCfg = Release|x86
		{CBA2E86B-DB70-4D6E-8B89-B994D493812D}.Ad-Hoc|iPhone.Build.0 = Release|x86
		{CBA2E86B-DB70-4D6E-8B89-B994D493812D}.Ad-Hoc|iPhone.Deploy.0 = Release|x86
		{CBA2E86B-DB70-4D6E-8B89-B994D493812D}.Ad-Hoc|iPhoneSimulator.ActiveCfg = Release|x86
		{CBA2E86B-DB70-4D6E-8B89-B994D493812D}.Ad-Hoc|iPhoneSimulator.Build.0 = Release|x86
		{CBA2E86B-DB70-4D6E-8B89-B994D493812D}.Ad-Hoc|iPhoneSimulator.Deploy.0 = Release|x86
		{CBA2E86B-DB70-4D6E-8B89-B994D493812D}.Ad-Hoc|x64.ActiveCfg = Release|x64
		{CBA2E86B-DB70-4D6E-8B89-B994D493812D}.Ad-Hoc|x64.Build.0 = Release|x64
		{CBA2E86B-DB70-4D6E-8B89-B994D493812D}.Ad-Hoc|x64.Deploy.0 = Release|x64
		{CBA2E86B-DB70-4D6E-8B89-B994D493812D}.Ad-Hoc|x86.ActiveCfg = Release|x86
		{CBA2E86B-DB70-4D6E-8B89-B994D493812D}.Ad-Hoc|x86.Build.0 = Release|x86
		{CBA2E86B-DB70-4D6E-8B89-B994D493812D}.Ad-Hoc|x86.Deploy.0 = Release|x86
		{CBA2E86B-DB70-4D6E-8B89-B994D493812D}.AppStore|Any CPU.ActiveCfg = Release|x86
		{CBA2E86B-DB70-4D6E-8B89-B994D493812D}.AppStore|Any CPU.Build.0 = Release|x86
		{CBA2E86B-DB70-4D6E-8B89-B994D493812D}.AppStore|Any CPU.Deploy.0 = Release|x86
		{CBA2E86B-DB70-4D6E-8B89-B994D493812D}.AppStore|ARM.ActiveCfg = Release|ARM
		{CBA2E86B-DB70-4D6E-8B89-B994D493812D}.AppStore|ARM.Build.0 = Release|ARM
		{CBA2E86B-DB70-4D6E-8B89-B994D493812D}.AppStore|ARM.Deploy.0 = Release|ARM
		{CBA2E86B-DB70-4D6E-8B89-B994D493812D}.AppStore|iPhone.ActiveCfg = Release|x86
		{CBA2E86B-DB70-4D6E-8B89-B994D493812D}.AppStore|iPhone.Build.0 = Release|x86
		{CBA2E86B-DB70-4D6E-8B89-B994D493812D}.AppStore|iPhone.Deploy.0 = Release|x86
		{CBA2E86B-DB70-4D6E-8B89-B994D493812D}.AppStore|iPhoneSimulator.ActiveCfg = Release|x86
		{CBA2E86B-DB70-4D6E-8B89-B994D493812D}.AppStore|iPhoneSimulator.Build.0 = Release|x86
		{CBA2E86B-DB70-4D6E-8B89-B994D493812D}.AppStore|iPhoneSimulator.Deploy.0 = Release|x86
		{CBA2E86B-DB70-4D6E-8B89-B994D493812D}.AppStore|x64.ActiveCfg = Release|x64
		{CBA2E86B-DB70-4D6E-8B89-B994D493812D}.AppStore|x64.Build.0 = Release|x64
		{CBA2E86B-DB70-4D6E-8B89-B994D493812D}.AppStore|x64.Deploy.0 = Release|x64
		{CBA2E86B-DB70-4D6E-8B89-B994D493812D}.AppStore|x86.ActiveCfg = Release|x86
		{CBA2E86B-DB70-4D6E-8B89-B994D493812D}.AppStore|x86.Build.0 = Release|x86
		{CBA2E86B-DB70-4D6E-8B89-B994D493812D}.AppStore|x86.Deploy.0 = Release|x86
		{CBA2E86B-DB70-4D6E-8B89-B994D493812D}.Debug|Any CPU.ActiveCfg = Debug|x86
		{CBA2E86B-DB70-4D6E-8B89-B994D493812D}.Debug|Any CPU.Build.0 = Debug|x86
		{CBA2E86B-DB70-4D6E-8B89-B994D493812D}.Debug|Any CPU.Deploy.0 = Debug|x86
		{CBA2E86B-DB70-4D6E-8B89-B994D493812D}.Debug|ARM.ActiveCfg = Debug|ARM
		{CBA2E86B-DB70-4D6E-8B89-B994D493812D}.Debug|ARM.Build.0 = Debug|ARM
		{CBA2E86B-DB70-4D6E-8B89-B994D493812D}.Debug|ARM.Deploy.0 = Debug|ARM
		{CBA2E86B-DB70-4D6E-8B89-B994D493812D}.Debug|iPhone.ActiveCfg = Debug|x86
		{CBA2E86B-DB70-4D6E-8B89-B994D493812D}.Debug|iPhoneSimulator.ActiveCfg = Debug|x86
		{CBA2E86B-DB70-4D6E-8B89-B994D493812D}.Debug|x64.ActiveCfg = Debug|x64
		{CBA2E86B-DB70-4D6E-8B89-B994D493812D}.Debug|x64.Build.0 = Debug|x64
		{CBA2E86B-DB70-4D6E-8B89-B994D493812D}.Debug|x64.Deploy.0 = Debug|x64
		{CBA2E86B-DB70-4D6E-8B89-B994D493812D}.Debug|x86.ActiveCfg = Debug|x86
		{CBA2E86B-DB70-4D6E-8B89-B994D493812D}.Debug|x86.Build.0 = Debug|x86
		{CBA2E86B-DB70-4D6E-8B89-B994D493812D}.Debug|x86.Deploy.0 = Debug|x86
		{CBA2E86B-DB70-4D6E-8B89-B994D493812D}.Release|Any CPU.ActiveCfg = Release|x86
		{CBA2E86B-DB70-4D6E-8B89-B994D493812D}.Release|Any CPU.Build.0 = Release|x86
		{CBA2E86B-DB70-4D6E-8B89-B994D493812D}.Release|Any CPU.Deploy.0 = Release|x86
		{CBA2E86B-DB70-4D6E-8B89-B994D493812D}.Release|ARM.ActiveCfg = Release|ARM
		{CBA2E86B-DB70-4D6E-8B89-B994D493812D}.Release|ARM.Build.0 = Release|ARM
		{CBA2E86B-DB70-4D6E-8B89-B994D493812D}.Release|ARM.Deploy.0 = Release|ARM
		{CBA2E86B-DB70-4D6E-8B89-B994D493812D}.Release|iPhone.ActiveCfg = Release|x86
		{CBA2E86B-DB70-4D6E-8B89-B994D493812D}.Release|iPhoneSimulator.ActiveCfg = Release|x86
		{CBA2E86B-DB70-4D6E-8B89-B994D493812D}.Release|x64.ActiveCfg = Release|x64
		{CBA2E86B-DB70-4D6E-8B89-B994D493812D}.Release|x64.Build.0 = Release|x64
		{CBA2E86B-DB70-4D6E-8B89-B994D493812D}.Release|x64.Deploy.0 = Release|x64
		{CBA2E86B-DB70-4D6E-8B89-B994D493812D}.Release|x86.ActiveCfg = Release|x86
		{CBA2E86B-DB70-4D6E-8B89-B994D493812D}.Release|x86.Build.0 = Release|x86
		{CBA2E86B-DB70-4D6E-8B89-B994D493812D}.Release|x86.Deploy.0 = Release|x86
		{470D35CC-C8F6-4025-BDDB-2FE174310817}.Ad-Hoc|Any CPU.ActiveCfg = Ad-Hoc|iPhone
		{470D35CC-C8F6-4025-BDDB-2FE174310817}.Ad-Hoc|ARM.ActiveCfg = Ad-Hoc|iPhone
		{470D35CC-C8F6-4025-BDDB-2FE174310817}.Ad-Hoc|iPhone.ActiveCfg = Ad-Hoc|iPhone
		{470D35CC-C8F6-4025-BDDB-2FE174310817}.Ad-Hoc|iPhone.Build.0 = Ad-Hoc|iPhone
		{470D35CC-C8F6-4025-BDDB-2FE174310817}.Ad-Hoc|iPhoneSimulator.ActiveCfg = Ad-Hoc|iPhoneSimulator
		{470D35CC-C8F6-4025-BDDB-2FE174310817}.Ad-Hoc|iPhoneSimulator.Build.0 = Ad-Hoc|iPhoneSimulator
		{470D35CC-C8F6-4025-BDDB-2FE174310817}.Ad-Hoc|x64.ActiveCfg = Ad-Hoc|iPhone
		{470D35CC-C8F6-4025-BDDB-2FE174310817}.Ad-Hoc|x86.ActiveCfg = Ad-Hoc|iPhone
		{470D35CC-C8F6-4025-BDDB-2FE174310817}.AppStore|Any CPU.ActiveCfg = AppStore|iPhone
		{470D35CC-C8F6-4025-BDDB-2FE174310817}.AppStore|ARM.ActiveCfg = AppStore|iPhone
		{470D35CC-C8F6-4025-BDDB-2FE174310817}.AppStore|iPhone.ActiveCfg = AppStore|iPhone
		{470D35CC-C8F6-4025-BDDB-2FE174310817}.AppStore|iPhone.Build.0 = AppStore|iPhone
		{470D35CC-C8F6-4025-BDDB-2FE174310817}.AppStore|iPhoneSimulator.ActiveCfg = AppStore|iPhoneSimulator
		{470D35CC-C8F6-4025-BDDB-2FE174310817}.AppStore|iPhoneSimulator.Build.0 = AppStore|iPhoneSimulator
		{470D35CC-C8F6-4025-BDDB-2FE174310817}.AppStore|x64.ActiveCfg = AppStore|iPhone
		{470D35CC-C8F6-4025-BDDB-2FE174310817}.AppStore|x86.ActiveCfg = AppStore|iPhone
		{470D35CC-C8F6-4025-BDDB-2FE174310817}.Debug|Any CPU.ActiveCfg = Debug|iPhone
		{470D35CC-C8F6-4025-BDDB-2FE174310817}.Debug|ARM.ActiveCfg = Debug|iPhone
		{470D35CC-C8F6-4025-BDDB-2FE174310817}.Debug|iPhone.ActiveCfg = Debug|iPhone
		{470D35CC-C8F6-4025-BDDB-2FE174310817}.Debug|iPhone.Build.0 = Debug|iPhone
		{470D35CC-C8F6-4025-BDDB-2FE174310817}.Debug|iPhoneSimulator.ActiveCfg = Debug|iPhoneSimulator
		{470D35CC-C8F6-4025-BDDB-2FE174310817}.Debug|iPhoneSimulator.Build.0 = Debug|iPhoneSimulator
		{470D35CC-C8F6-4025-BDDB-2FE174310817}.Debug|x64.ActiveCfg = Debug|iPhone
		{470D35CC-C8F6-4025-BDDB-2FE174310817}.Debug|x86.ActiveCfg = Debug|iPhone
		{470D35CC-C8F6-4025-BDDB-2FE174310817}.Release|Any CPU.ActiveCfg = Release|iPhone
		{470D35CC-C8F6-4025-BDDB-2FE174310817}.Release|ARM.ActiveCfg = Release|iPhone
		{470D35CC-C8F6-4025-BDDB-2FE174310817}.Release|iPhone.ActiveCfg = Release|iPhone
		{470D35CC-C8F6-4025-BDDB-2FE174310817}.Release|iPhone.Build.0 = Release|iPhone
		{470D35CC-C8F6-4025-BDDB-2FE174310817}.Release|iPhoneSimulator.ActiveCfg = Release|iPhoneSimulator
		{470D35CC-C8F6-4025-BDDB-2FE174310817}.Release|iPhoneSimulator.Build.0 = Release|iPhoneSimulator
		{470D35CC-C8F6-4025-BDDB-2FE174310817}.Release|x64.ActiveCfg = Release|iPhone
		{470D35CC-C8F6-4025-BDDB-2FE174310817}.Release|x86.ActiveCfg = Release|iPhone
	EndGlobalSection
	GlobalSection(SolutionProperties) = preSolution
		HideSolutionNode = FALSE
	EndGlobalSection
EndGlobal
